
Microsoft Visual Studio Solution File, Format Version 12.00
# Visual Studio 14
VisualStudioVersion = 14.0.25420.1
MinimumVisualStudioVersion = 10.0.40219.1
Project("{FAE04EC0-301F-11D3-BF4B-00C04F79EFBC}") = "Daishi.Pluralsight.EventHub.Core", "Daishi.Pluralsight.EventHub.Core\Daishi.Pluralsight.EventHub.Core.csproj", "{99C157E5-218D-43DF-AD81-BE6E4A0B02FA}"
EndProject
Project("{FAE04EC0-301F-11D3-BF4B-00C04F79EFBC}") = "Daishi.Pluralsight.EventHub.WebTrafficEmulator", "Daishi.Pluralsight.EventHub.WebTrafficEmulator\Daishi.Pluralsight.EventHub.WebTrafficEmulator.csproj", "{BC164353-04D4-4245-8C76-8B2D9C83E09F}"
EndProject
Project("{FAE04EC0-301F-11D3-BF4B-00C04F79EFBC}") = "Daishi.Pluralsight.EventHub.WebTrafficReceiver", "Daishi.Pluralsight.EventHub.WebTrafficReceiver\Daishi.Pluralsight.EventHub.WebTrafficReceiver.csproj", "{F45BACE4-B210-4363-B9DE-60EFAAFCE7E1}"
EndProject
Global
	GlobalSection(SolutionConfigurationPlatforms) = preSolution
		Debug|Any CPU = Debug|Any CPU
		Release|Any CPU = Release|Any CPU
	EndGlobalSection
	GlobalSection(ProjectConfigurationPlatforms) = postSolution
		{99C157E5-218D-43DF-AD81-BE6E4A0B02FA}.Debug|Any CPU.ActiveCfg = Debug|Any CPU
		{99C157E5-218D-43DF-AD81-BE6E4A0B02FA}.Debug|Any CPU.Build.0 = Debug|Any CPU
		{99C157E5-218D-43DF-AD81-BE6E4A0B02FA}.Release|Any CPU.ActiveCfg = Release|Any CPU
		{99C157E5-218D-43DF-AD81-BE6E4A0B02FA}.Release|Any CPU.Build.0 = Release|Any CPU
		{BC164353-04D4-4245-8C76-8B2D9C83E09F}.Debug|Any CPU.ActiveCfg = Debug|Any CPU
		{BC164353-04D4-4245-8C76-8B2D9C83E09F}.Debug|Any CPU.Build.0 = Debug|Any CPU
		{BC164353-04D4-4245-8C76-8B2D9C83E09F}.Release|Any CPU.ActiveCfg = Release|Any CPU
		{BC164353-04D4-4245-8C76-8B2D9C83E09F}.Release|Any CPU.Build.0 = Release|Any CPU
		{F45BACE4-B210-4363-B9DE-60EFAAFCE7E1}.Debug|Any CPU.ActiveCfg = Debug|Any CPU
		{F45BACE4-B210-4363-B9DE-60EFAAFCE7E1}.Debug|Any CPU.Build.0 = Debug|Any CPU
		{F45BACE4-B210-4363-B9DE-60EFAAFCE7E1}.Release|Any CPU.ActiveCfg = Release|Any CPU
		{F45BACE4-B210-4363-B9DE-60EFAAFCE7E1}.Release|Any CPU.Build.0 = Release|Any CPU
	EndGlobalSection
	GlobalSection(SolutionProperties) = preSolution
		HideSolutionNode = FALSE
	EndGlobalSection
EndGlobal
